
Microsoft Visual Studio Solution File, Format Version 12.00
# Visual Studio Version 17
VisualStudioVersion = 17.5.33516.290
MinimumVisualStudioVersion = 10.0.40219.1
Project("{9A19103F-16F7-4668-BE54-9A1E7A4F7556}") = "Task2_Tasks_BlocksFilling", "Task2_Tasks_BlocksFilling\Task2_Tasks_BlocksFilling.csproj", "{556A63FC-8280-42CB-A5F7-5CBA39819655}"
EndProject
Global
	GlobalSection(SolutionConfigurationPlatforms) = preSolution
		Debug|Any CPU = Debug|Any CPU
		Debug|x86 = Debug|x86
		Release|Any CPU = Release|Any CPU
		Release|x86 = Release|x86
	EndGlobalSection
	GlobalSection(ProjectConfigurationPlatforms) = postSolution
		{556A63FC-8280-42CB-A5F7-5CBA39819655}.Debug|Any CPU.ActiveCfg = Debug|Any CPU
		{556A63FC-8280-42CB-A5F7-5CBA39819655}.Debug|Any CPU.Build.0 = Debug|Any CPU
		{556A63FC-8280-42CB-A5F7-5CBA39819655}.Debug|x86.ActiveCfg = Debug|Any CPU
		{556A63FC-8280-42CB-A5F7-5CBA39819655}.Debug|x86.Build.0 = Debug|Any CPU
		{556A63FC-8280-42CB-A5F7-5CBA39819655}.Release|Any CPU.ActiveCfg = Release|Any CPU
		{556A63FC-8280-42CB-A5F7-5CBA39819655}.Release|Any CPU.Build.0 = Release|Any CPU
		{556A63FC-8280-42CB-A5F7-5CBA39819655}.Release|x86.ActiveCfg = Release|Any CPU
		{556A63FC-8280-42CB-A5F7-5CBA39819655}.Release|x86.Build.0 = Release|Any CPU
	EndGlobalSection
	GlobalSection(SolutionProperties) = preSolution
		HideSolutionNode = FALSE
	EndGlobalSection
	GlobalSection(ExtensibilityGlobals) = postSolution
		SolutionGuid = {FF16E5F6-B276-43BC-8363-9C6AD816A73A}
	EndGlobalSection
EndGlobal
